%{"decimal": {:hex, :decimal, "1.1.1"},
  "ecto": {:hex, :ecto, "1.1.3"},
  "esqlite": {:hex, :esqlite, "0.2.1"},
  "ex_unit_fixtures": {:git, "https://github.com/obmarg/ex_unit_fixtures.git", "c75a3c8778f10f7509d75465aeff8a17966e3cf3", [branch: "fix/recreating-module-fixtures"]},
  "pipe": {:hex, :pipe, "0.0.2"},
  "poison": {:hex, :poison, "1.5.2"},
  "poolboy": {:hex, :poolboy, "1.5.1"},
  "sqlite_ecto": {:hex, :sqlite_ecto, "1.0.2"},
  "sqlitex": {:hex, :sqlitex, "0.8.2"}}
